
Microsoft Visual Studio Solution File, Format Version 12.00
# Visual Studio Version 16
VisualStudioVersion = 16.0.810.19
MinimumVisualStudioVersion = 10.0.40219.1
Project("{FAE04EC0-301F-11D3-BF4B-00C04F79EFBC}") = "hpwand.Android", "hpwand.Android\hpwand.Android.csproj", "{F876DB63-AB18-47F6-AC10-16C19FB8DCB7}"
EndProject
Project("{FAE04EC0-301F-11D3-BF4B-00C04F79EFBC}") = "hpwand.iOS", "hpwand.iOS\hpwand.iOS.csproj", "{6A26BD7C-4DBE-4D2F-BD9E-D22FFA7F9FB3}"
EndProject
Project("{FAE04EC0-301F-11D3-BF4B-00C04F79EFBC}") = "hpwand", "hpwand\hpwand.csproj", "{71D6747E-19C7-4EB5-976C-99FD467D7E27}"
EndProject
Global
	GlobalSection(SolutionConfigurationPlatforms) = preSolution
		Debug|Any CPU = Debug|Any CPU
		Release|Any CPU = Release|Any CPU
		Debug|iPhoneSimulator = Debug|iPhoneSimulator
		Release|iPhoneSimulator = Release|iPhoneSimulator
		Debug|iPhone = Debug|iPhone
		Release|iPhone = Release|iPhone
	EndGlobalSection
	GlobalSection(ProjectConfigurationPlatforms) = postSolution
		{F876DB63-AB18-47F6-AC10-16C19FB8DCB7}.Debug|Any CPU.ActiveCfg = Debug|Any CPU
		{F876DB63-AB18-47F6-AC10-16C19FB8DCB7}.Debug|Any CPU.Build.0 = Debug|Any CPU
		{F876DB63-AB18-47F6-AC10-16C19FB8DCB7}.Release|Any CPU.ActiveCfg = Release|Any CPU
		{F876DB63-AB18-47F6-AC10-16C19FB8DCB7}.Release|Any CPU.Build.0 = Release|Any CPU
		{F876DB63-AB18-47F6-AC10-16C19FB8DCB7}.Debug|iPhoneSimulator.ActiveCfg = Debug|Any CPU
		{F876DB63-AB18-47F6-AC10-16C19FB8DCB7}.Debug|iPhoneSimulator.Build.0 = Debug|Any CPU
		{F876DB63-AB18-47F6-AC10-16C19FB8DCB7}.Release|iPhoneSimulator.ActiveCfg = Release|Any CPU
		{F876DB63-AB18-47F6-AC10-16C19FB8DCB7}.Release|iPhoneSimulator.Build.0 = Release|Any CPU
		{F876DB63-AB18-47F6-AC10-16C19FB8DCB7}.Debug|iPhone.ActiveCfg = Debug|Any CPU
		{F876DB63-AB18-47F6-AC10-16C19FB8DCB7}.Debug|iPhone.Build.0 = Debug|Any CPU
		{F876DB63-AB18-47F6-AC10-16C19FB8DCB7}.Release|iPhone.ActiveCfg = Release|Any CPU
		{F876DB63-AB18-47F6-AC10-16C19FB8DCB7}.Release|iPhone.Build.0 = Release|Any CPU
		{6A26BD7C-4DBE-4D2F-BD9E-D22FFA7F9FB3}.Debug|Any CPU.ActiveCfg = Debug|iPhoneSimulator
		{6A26BD7C-4DBE-4D2F-BD9E-D22FFA7F9FB3}.Debug|Any CPU.Build.0 = Debug|iPhoneSimulator
		{6A26BD7C-4DBE-4D2F-BD9E-D22FFA7F9FB3}.Release|Any CPU.ActiveCfg = Release|iPhoneSimulator
		{6A26BD7C-4DBE-4D2F-BD9E-D22FFA7F9FB3}.Release|Any CPU.Build.0 = Release|iPhoneSimulator
		{6A26BD7C-4DBE-4D2F-BD9E-D22FFA7F9FB3}.Debug|iPhoneSimulator.ActiveCfg = Debug|iPhoneSimulator
		{6A26BD7C-4DBE-4D2F-BD9E-D22FFA7F9FB3}.Debug|iPhoneSimulator.Build.0 = Debug|iPhoneSimulator
		{6A26BD7C-4DBE-4D2F-BD9E-D22FFA7F9FB3}.Release|iPhoneSimulator.ActiveCfg = Release|iPhoneSimulator
		{6A26BD7C-4DBE-4D2F-BD9E-D22FFA7F9FB3}.Release|iPhoneSimulator.Build.0 = Release|iPhoneSimulator
		{6A26BD7C-4DBE-4D2F-BD9E-D22FFA7F9FB3}.Debug|iPhone.ActiveCfg = Debug|iPhone
		{6A26BD7C-4DBE-4D2F-BD9E-D22FFA7F9FB3}.Debug|iPhone.Build.0 = Debug|iPhone
		{6A26BD7C-4DBE-4D2F-BD9E-D22FFA7F9FB3}.Release|iPhone.ActiveCfg = Release|iPhone
		{6A26BD7C-4DBE-4D2F-BD9E-D22FFA7F9FB3}.Release|iPhone.Build.0 = Release|iPhone
		{71D6747E-19C7-4EB5-976C-99FD467D7E27}.Debug|Any CPU.ActiveCfg = Debug|Any CPU
		{71D6747E-19C7-4EB5-976C-99FD467D7E27}.Debug|Any CPU.Build.0 = Debug|Any CPU
		{71D6747E-19C7-4EB5-976C-99FD467D7E27}.Release|Any CPU.ActiveCfg = Release|Any CPU
		{71D6747E-19C7-4EB5-976C-99FD467D7E27}.Release|Any CPU.Build.0 = Release|Any CPU
		{71D6747E-19C7-4EB5-976C-99FD467D7E27}.Debug|iPhoneSimulator.ActiveCfg = Debug|Any CPU
		{71D6747E-19C7-4EB5-976C-99FD467D7E27}.Debug|iPhoneSimulator.Build.0 = Debug|Any CPU
		{71D6747E-19C7-4EB5-976C-99FD467D7E27}.Release|iPhoneSimulator.ActiveCfg = Release|Any CPU
		{71D6747E-19C7-4EB5-976C-99FD467D7E27}.Release|iPhoneSimulator.Build.0 = Release|Any CPU
		{71D6747E-19C7-4EB5-976C-99FD467D7E27}.Debug|iPhone.ActiveCfg = Debug|Any CPU
		{71D6747E-19C7-4EB5-976C-99FD467D7E27}.Debug|iPhone.Build.0 = Debug|Any CPU
		{71D6747E-19C7-4EB5-976C-99FD467D7E27}.Release|iPhone.ActiveCfg = Release|Any CPU
		{71D6747E-19C7-4EB5-976C-99FD467D7E27}.Release|iPhone.Build.0 = Release|Any CPU
	EndGlobalSection
	GlobalSection(SolutionProperties) = preSolution
		HideSolutionNode = FALSE
	EndGlobalSection
	GlobalSection(ExtensibilityGlobals) = postSolution
		SolutionGuid = {102CDD55-B4C4-4B8D-BBE8-42AB5C744305}
	EndGlobalSection
EndGlobal
